
Microsoft Visual Studio Solution File, Format Version 12.00
# Visual Studio Version 17
VisualStudioVersion = 17.2.32616.157
MinimumVisualStudioVersion = 10.0.40219.1
Project("{FAE04EC0-301F-11D3-BF4B-00C04F79EFBC}") = "AES_Encryption", "AES_Encryption\AES_Encryption.csproj", "{203D0E1E-BDC6-4362-8009-669C6531EB0B}"
EndProject
Global
	GlobalSection(SolutionConfigurationPlatforms) = preSolution
		Debug|Any CPU = Debug|Any CPU
		Release|Any CPU = Release|Any CPU
	EndGlobalSection
	GlobalSection(ProjectConfigurationPlatforms) = postSolution
		{203D0E1E-BDC6-4362-8009-669C6531EB0B}.Debug|Any CPU.ActiveCfg = Debug|Any CPU
		{203D0E1E-BDC6-4362-8009-669C6531EB0B}.Debug|Any CPU.Build.0 = Debug|Any CPU
		{203D0E1E-BDC6-4362-8009-669C6531EB0B}.Release|Any CPU.ActiveCfg = Release|Any CPU
		{203D0E1E-BDC6-4362-8009-669C6531EB0B}.Release|Any CPU.Build.0 = Release|Any CPU
	EndGlobalSection
	GlobalSection(SolutionProperties) = preSolution
		HideSolutionNode = FALSE
	EndGlobalSection
	GlobalSection(ExtensibilityGlobals) = postSolution
		SolutionGuid = {F708DDF9-C558-4C5D-A3EA-7C2CFB211B88}
	EndGlobalSection
EndGlobal
